// !$*UTF8*$!
{
	archiveVersion = 1;
	classes = {
	};
	objectVersion = 46;
	objects = {

/* Begin PBXBuildFile section */
		5926F1421A63F3F2002A5D9D /* TextFieldOutline.png in Resources */ = {isa = PBXBuildFile; fileRef = 5926F1411A63F3F2002A5D9D /* TextFieldOutline.png */; };
		5926F1451A63F544002A5D9D /* AddViewController.m in Sources */ = {isa = PBXBuildFile; fileRef = 5926F1441A63F544002A5D9D /* AddViewController.m */; };
		594D25021A5BA38F008249F2 /* EtelkaNarrowTextPro.otf in Resources */ = {isa = PBXBuildFile; fileRef = 594D25011A5BA38F008249F2 /* EtelkaNarrowTextPro.otf */; };
		594D25061A5BA7EF008249F2 /* Tall Films Expanded.ttf in Resources */ = {isa = PBXBuildFile; fileRef = 594D25051A5BA7EF008249F2 /* Tall Films Expanded.ttf */; };
		594D25081A5BA9B1008249F2 /* DJB A Bit of Flaire.ttf in Resources */ = {isa = PBXBuildFile; fileRef = 594D25071A5BA9B1008249F2 /* DJB A Bit of Flaire.ttf */; };
		59576D321A4475DF00B818D6 /* LaunchScreen.xib in Resources */ = {isa = PBXBuildFile; fileRef = 59576D311A4475DF00B818D6 /* LaunchScreen.xib */; };
		5988E99F1A53058600F90FB4 /* topView.xib in Resources */ = {isa = PBXBuildFile; fileRef = 5988E99E1A53058600F90FB4 /* topView.xib */; };
		5988E9A11A53068300F90FB4 /* MovieIcon.png in Resources */ = {isa = PBXBuildFile; fileRef = 5988E9A01A53068300F90FB4 /* MovieIcon.png */; };
		5988E9A41A53072F00F90FB4 /* topView.m in Sources */ = {isa = PBXBuildFile; fileRef = 5988E9A31A53072F00F90FB4 /* topView.m */; };
		59B637541A51672F009F1B06 /* MoviesArray.json in Resources */ = {isa = PBXBuildFile; fileRef = 59B637531A51672F009F1B06 /* MoviesArray.json */; };
		59FA347719C98AAF004190E4 /* Foundation.framework in Frameworks */ = {isa = PBXBuildFile; fileRef = 59FA347619C98AAF004190E4 /* Foundation.framework */; };
		59FA347919C98AAF004190E4 /* CoreGraphics.framework in Frameworks */ = {isa = PBXBuildFile; fileRef = 59FA347819C98AAF004190E4 /* CoreGraphics.framework */; };
		59FA347B19C98AAF004190E4 /* UIKit.framework in Frameworks */ = {isa = PBXBuildFile; fileRef = 59FA347A19C98AAF004190E4 /* UIKit.framework */; };
		59FA348119C98AAF004190E4 /* InfoPlist.strings in Resources */ = {isa = PBXBuildFile; fileRef = 59FA347F19C98AAF004190E4 /* InfoPlist.strings */; };
		59FA348319C98AAF004190E4 /* main.m in Sources */ = {isa = PBXBuildFile; fileRef = 59FA348219C98AAF004190E4 /* main.m */; };
		59FA348719C98AAF004190E4 /* AppDelegate.m in Sources */ = {isa = PBXBuildFile; fileRef = 59FA348619C98AAF004190E4 /* AppDelegate.m */; };
		59FA348A19C98AAF004190E4 /* Main.storyboard in Resources */ = {isa = PBXBuildFile; fileRef = 59FA348819C98AAF004190E4 /* Main.storyboard */; };
		59FA348F19C98AAF004190E4 /* Images.xcassets in Resources */ = {isa = PBXBuildFile; fileRef = 59FA348E19C98AAF004190E4 /* Images.xcassets */; };
		59FA349619C98AB0004190E4 /* XCTest.framework in Frameworks */ = {isa = PBXBuildFile; fileRef = 59FA349519C98AB0004190E4 /* XCTest.framework */; };
		59FA349719C98AB0004190E4 /* Foundation.framework in Frameworks */ = {isa = PBXBuildFile; fileRef = 59FA347619C98AAF004190E4 /* Foundation.framework */; };
		59FA349819C98AB0004190E4 /* UIKit.framework in Frameworks */ = {isa = PBXBuildFile; fileRef = 59FA347A19C98AAF004190E4 /* UIKit.framework */; };
		59FA34A019C98AB0004190E4 /* InfoPlist.strings in Resources */ = {isa = PBXBuildFile; fileRef = 59FA349E19C98AB0004190E4 /* InfoPlist.strings */; };
		59FA34A219C98AB0004190E4 /* MovieListingTests.m in Sources */ = {isa = PBXBuildFile; fileRef = 59FA34A119C98AB0004190E4 /* MovieListingTests.m */; };
		59FA34AD19C98ADD004190E4 /* TableViewController.m in Sources */ = {isa = PBXBuildFile; fileRef = 59FA34AC19C98ADD004190E4 /* TableViewController.m */; };
		59FA34F119C9AEFE004190E4 /* TableCell.m in Sources */ = {isa = PBXBuildFile; fileRef = 59FA34F019C9AEFE004190E4 /* TableCell.m */; };
/* End PBXBuildFile section */

/* Begin PBXContainerItemProxy section */
		59FA349919C98AB0004190E4 /* PBXContainerItemProxy */ = {
			isa = PBXContainerItemProxy;
			containerPortal = 59FA346B19C98AAF004190E4 /* Project object */;
			proxyType = 1;
			remoteGlobalIDString = 59FA347219C98AAF004190E4;
			remoteInfo = MovieListing;
		};
/* End PBXContainerItemProxy section */

/* Begin PBXFileReference section */
		5926F1411A63F3F2002A5D9D /* TextFieldOutline.png */ = {isa = PBXFileReference; lastKnownFileType = image.png; path = TextFieldOutline.png; sourceTree = "<group>"; };
		5926F1431A63F544002A5D9D /* AddViewController.h */ = {isa = PBXFileReference; fileEncoding = 4; lastKnownFileType = sourcecode.c.h; path = AddViewController.h; sourceTree = "<group>"; };
		5926F1441A63F544002A5D9D /* AddViewController.m */ = {isa = PBXFileReference; fileEncoding = 4; lastKnownFileType = sourcecode.c.objc; path = AddViewController.m; sourceTree = "<group>"; };
		594D25011A5BA38F008249F2 /* EtelkaNarrowTextPro.otf */ = {isa = PBXFileReference; lastKnownFileType = file; path = EtelkaNarrowTextPro.otf; sourceTree = "<group>"; };
		594D25051A5BA7EF008249F2 /* Tall Films Expanded.ttf */ = {isa = PBXFileReference; lastKnownFileType = file; path = "Tall Films Expanded.ttf"; sourceTree = "<group>"; };
		594D25071A5BA9B1008249F2 /* DJB A Bit of Flaire.ttf */ = {isa = PBXFileReference; lastKnownFileType = file; path = "DJB A Bit of Flaire.ttf"; sourceTree = "<group>"; };
		59576D311A4475DF00B818D6 /* LaunchScreen.xib */ = {isa = PBXFileReference; fileEncoding = 4; lastKnownFileType = file.xib; path = LaunchScreen.xib; sourceTree = "<group>"; };
		5988E99E1A53058600F90FB4 /* topView.xib */ = {isa = PBXFileReference; fileEncoding = 4; lastKnownFileType = file.xib; path = topView.xib; sourceTree = "<group>"; };
		5988E9A01A53068300F90FB4 /* MovieIcon.png */ = {isa = PBXFileReference; lastKnownFileType = image.png; path = MovieIcon.png; sourceTree = "<group>"; };
		5988E9A21A53072F00F90FB4 /* topView.h */ = {isa = PBXFileReference; fileEncoding = 4; lastKnownFileType = sourcecode.c.h; path = topView.h; sourceTree = "<group>"; };
		5988E9A31A53072F00F90FB4 /* topView.m */ = {isa = PBXFileReference; fileEncoding = 4; lastKnownFileType = sourcecode.c.objc; path = topView.m; sourceTree = "<group>"; };
		59B637531A51672F009F1B06 /* MoviesArray.json */ = {isa = PBXFileReference; fileEncoding = 4; lastKnownFileType = text.json; path = MoviesArray.json; sourceTree = "<group>"; };
		59FA347319C98AAF004190E4 /* MovieListing.app */ = {isa = PBXFileReference; explicitFileType = wrapper.application; includeInIndex = 0; path = MovieListing.app; sourceTree = BUILT_PRODUCTS_DIR; };
		59FA347619C98AAF004190E4 /* Foundation.framework */ = {isa = PBXFileReference; lastKnownFileType = wrapper.framework; name = Foundation.framework; path = System/Library/Frameworks/Foundation.framework; sourceTree = SDKROOT; };
		59FA347819C98AAF004190E4 /* CoreGraphics.framework */ = {isa = PBXFileReference; lastKnownFileType = wrapper.framework; name = CoreGraphics.framework; path = System/Library/Frameworks/CoreGraphics.framework; sourceTree = SDKROOT; };
		59FA347A19C98AAF004190E4 /* UIKit.framework */ = {isa = PBXFileReference; lastKnownFileType = wrapper.framework; name = UIKit.framework; path = System/Library/Frameworks/UIKit.framework; sourceTree = SDKROOT; };
		59FA347E19C98AAF004190E4 /* MovieListing-Info.plist */ = {isa = PBXFileReference; lastKnownFileType = text.plist.xml; path = "MovieListing-Info.plist"; sourceTree = "<group>"; };
		59FA348019C98AAF004190E4 /* en */ = {isa = PBXFileReference; lastKnownFileType = text.plist.strings; name = en; path = en.lproj/InfoPlist.strings; sourceTree = "<group>"; };
		59FA348219C98AAF004190E4 /* main.m */ = {isa = PBXFileReference; lastKnownFileType = sourcecode.c.objc; path = main.m; sourceTree = "<group>"; };
		59FA348419C98AAF004190E4 /* MovieListing-Prefix.pch */ = {isa = PBXFileReference; lastKnownFileType = sourcecode.c.h; path = "MovieListing-Prefix.pch"; sourceTree = "<group>"; };
		59FA348519C98AAF004190E4 /* AppDelegate.h */ = {isa = PBXFileReference; lastKnownFileType = sourcecode.c.h; path = AppDelegate.h; sourceTree = "<group>"; };
		59FA348619C98AAF004190E4 /* AppDelegate.m */ = {isa = PBXFileReference; lastKnownFileType = sourcecode.c.objc; path = AppDelegate.m; sourceTree = "<group>"; };
		59FA348919C98AAF004190E4 /* Base */ = {isa = PBXFileReference; lastKnownFileType = file.storyboard; name = Base; path = Base.lproj/Main.storyboard; sourceTree = "<group>"; };
		59FA348E19C98AAF004190E4 /* Images.xcassets */ = {isa = PBXFileReference; lastKnownFileType = folder.assetcatalog; path = Images.xcassets; sourceTree = "<group>"; };
		59FA349419C98AB0004190E4 /* MovieListingTests.xctest */ = {isa = PBXFileReference; explicitFileType = wrapper.cfbundle; includeInIndex = 0; path = MovieListingTests.xctest; sourceTree = BUILT_PRODUCTS_DIR; };
		59FA349519C98AB0004190E4 /* XCTest.framework */ = {isa = PBXFileReference; lastKnownFileType = wrapper.framework; name = XCTest.framework; path = Library/Frameworks/XCTest.framework; sourceTree = DEVELOPER_DIR; };
		59FA349D19C98AB0004190E4 /* MovieListingTests-Info.plist */ = {isa = PBXFileReference; lastKnownFileType = text.plist.xml; path = "MovieListingTests-Info.plist"; sourceTree = "<group>"; };
		59FA349F19C98AB0004190E4 /* en */ = {isa = PBXFileReference; lastKnownFileType = text.plist.strings; name = en; path = en.lproj/InfoPlist.strings; sourceTree = "<group>"; };
		59FA34A119C98AB0004190E4 /* MovieListingTests.m */ = {isa = PBXFileReference; lastKnownFileType = sourcecode.c.objc; path = MovieListingTests.m; sourceTree = "<group>"; };
		59FA34AB19C98ADD004190E4 /* TableViewController.h */ = {isa = PBXFileReference; fileEncoding = 4; lastKnownFileType = sourcecode.c.h; path = TableViewController.h; sourceTree = "<group>"; };
		59FA34AC19C98ADD004190E4 /* TableViewController.m */ = {isa = PBXFileReference; fileEncoding = 4; lastKnownFileType = sourcecode.c.objc; path = TableViewController.m; sourceTree = "<group>"; };
		59FA34EF19C9AEFE004190E4 /* TableCell.h */ = {isa = PBXFileReference; fileEncoding = 4; lastKnownFileType = sourcecode.c.h; path = TableCell.h; sourceTree = "<group>"; };
		59FA34F019C9AEFE004190E4 /* TableCell.m */ = {isa = PBXFileReference; fileEncoding = 4; lastKnownFileType = sourcecode.c.objc; path = TableCell.m; sourceTree = "<group>"; };
/* End PBXFileReference section */

/* Begin PBXFrameworksBuildPhase section */
		59FA347019C98AAF004190E4 /* Frameworks */ = {
			isa = PBXFrameworksBuildPhase;
			buildActionMask = 2147483647;
			files = (
				59FA347919C98AAF004190E4 /* CoreGraphics.framework in Frameworks */,
				59FA347B19C98AAF004190E4 /* UIKit.framework in Frameworks */,
				59FA347719C98AAF004190E4 /* Foundation.framework in Frameworks */,
			);
			runOnlyForDeploymentPostprocessing = 0;
		};
		59FA349119C98AB0004190E4 /* Frameworks */ = {
			isa = PBXFrameworksBuildPhase;
			buildActionMask = 2147483647;
			files = (
				59FA349619C98AB0004190E4 /* XCTest.framework in Frameworks */,
				59FA349819C98AB0004190E4 /* UIKit.framework in Frameworks */,
				59FA349719C98AB0004190E4 /* Foundation.framework in Frameworks */,
			);
			runOnlyForDeploymentPostprocessing = 0;
		};
/* End PBXFrameworksBuildPhase section */

/* Begin PBXGroup section */
		59FA346A19C98AAF004190E4 = {
			isa = PBXGroup;
			children = (
				59FA347C19C98AAF004190E4 /* MovieListing */,
				59FA349B19C98AB0004190E4 /* MovieListingTests */,
				59FA347519C98AAF004190E4 /* Frameworks */,
				59FA347419C98AAF004190E4 /* Products */,
			);
			sourceTree = "<group>";
		};
		59FA347419C98AAF004190E4 /* Products */ = {
			isa = PBXGroup;
			children = (
				59FA347319C98AAF004190E4 /* MovieListing.app */,
				59FA349419C98AB0004190E4 /* MovieListingTests.xctest */,
			);
			name = Products;
			sourceTree = "<group>";
		};
		59FA347519C98AAF004190E4 /* Frameworks */ = {
			isa = PBXGroup;
			children = (
				59FA347619C98AAF004190E4 /* Foundation.framework */,
				59FA347819C98AAF004190E4 /* CoreGraphics.framework */,
				59FA347A19C98AAF004190E4 /* UIKit.framework */,
				59FA349519C98AB0004190E4 /* XCTest.framework */,
			);
			name = Frameworks;
			sourceTree = "<group>";
		};
		59FA347C19C98AAF004190E4 /* MovieListing */ = {
			isa = PBXGroup;
			children = (
				59FA348519C98AAF004190E4 /* AppDelegate.h */,
				59FA348619C98AAF004190E4 /* AppDelegate.m */,
				59FA348819C98AAF004190E4 /* Main.storyboard */,
				59FA34AB19C98ADD004190E4 /* TableViewController.h */,
				59FA34AC19C98ADD004190E4 /* TableViewController.m */,
				59FA34EF19C9AEFE004190E4 /* TableCell.h */,
				59FA34F019C9AEFE004190E4 /* TableCell.m */,
				5926F1431A63F544002A5D9D /* AddViewController.h */,
				5926F1441A63F544002A5D9D /* AddViewController.m */,
				59576D311A4475DF00B818D6 /* LaunchScreen.xib */,
				5988E99E1A53058600F90FB4 /* topView.xib */,
				5988E9A21A53072F00F90FB4 /* topView.h */,
				5988E9A31A53072F00F90FB4 /* topView.m */,
				59FA348E19C98AAF004190E4 /* Images.xcassets */,
				59FA347D19C98AAF004190E4 /* Supporting Files */,
			);
			path = MovieListing;
			sourceTree = "<group>";
		};
		59FA347D19C98AAF004190E4 /* Supporting Files */ = {
			isa = PBXGroup;
			children = (
				59B637531A51672F009F1B06 /* MoviesArray.json */,
				594D25011A5BA38F008249F2 /* EtelkaNarrowTextPro.otf */,
				594D25051A5BA7EF008249F2 /* Tall Films Expanded.ttf */,
				594D25071A5BA9B1008249F2 /* DJB A Bit of Flaire.ttf */,
				5988E9A01A53068300F90FB4 /* MovieIcon.png */,
				5926F1411A63F3F2002A5D9D /* TextFieldOutline.png */,
				59FA347E19C98AAF004190E4 /* MovieListing-Info.plist */,
				59FA347F19C98AAF004190E4 /* InfoPlist.strings */,
				59FA348219C98AAF004190E4 /* main.m */,
				59FA348419C98AAF004190E4 /* MovieListing-Prefix.pch */,
			);
			name = "Supporting Files";
			sourceTree = "<group>";
		};
		59FA349B19C98AB0004190E4 /* MovieListingTests */ = {
			isa = PBXGroup;
			children = (
				59FA34A119C98AB0004190E4 /* MovieListingTests.m */,
				59FA349C19C98AB0004190E4 /* Supporting Files */,
			);
			path = MovieListingTests;
			sourceTree = "<group>";
		};
		59FA349C19C98AB0004190E4 /* Supporting Files */ = {
			isa = PBXGroup;
			children = (
				59FA349D19C98AB0004190E4 /* MovieListingTests-Info.plist */,
				59FA349E19C98AB0004190E4 /* InfoPlist.strings */,
			);
			name = "Supporting Files";
			sourceTree = "<group>";
		};
/* End PBXGroup section */

/* Begin PBXNativeTarget section */
		59FA347219C98AAF004190E4 /* MovieListing */ = {
			isa = PBXNativeTarget;
			buildConfigurationList = 59FA34A519C98AB0004190E4 /* Build configuration list for PBXNativeTarget "MovieListing" */;
			buildPhases = (
				59FA346F19C98AAF004190E4 /* Sources */,
				59FA347019C98AAF004190E4 /* Frameworks */,
				59FA347119C98AAF004190E4 /* Resources */,
			);
			buildRules = (
			);
			dependencies = (
			);
			name = MovieListing;
			productName = MovieListing;
			productReference = 59FA347319C98AAF004190E4 /* MovieListing.app */;
			productType = "com.apple.product-type.application";
		};
		59FA349319C98AB0004190E4 /* MovieListingTests */ = {
			isa = PBXNativeTarget;
			buildConfigurationList = 59FA34A819C98AB0004190E4 /* Build configuration list for PBXNativeTarget "MovieListingTests" */;
			buildPhases = (
				59FA349019C98AB0004190E4 /* Sources */,
				59FA349119C98AB0004190E4 /* Frameworks */,
				59FA349219C98AB0004190E4 /* Resources */,
			);
			buildRules = (
			);
			dependencies = (
				59FA349A19C98AB0004190E4 /* PBXTargetDependency */,
			);
			name = MovieListingTests;
			productName = MovieListingTests;
			productReference = 59FA349419C98AB0004190E4 /* MovieListingTests.xctest */;
			productType = "com.apple.product-type.bundle.unit-test";
		};
/* End PBXNativeTarget section */

/* Begin PBXProject section */
		59FA346B19C98AAF004190E4 /* Project object */ = {
			isa = PBXProject;
			attributes = {
				LastUpgradeCheck = 0510;
				ORGANIZATIONNAME = avikantz;
				TargetAttributes = {
					59FA349319C98AB0004190E4 = {
						TestTargetID = 59FA347219C98AAF004190E4;
					};
				};
			};
			buildConfigurationList = 59FA346E19C98AAF004190E4 /* Build configuration list for PBXProject "MovieListing" */;
			compatibilityVersion = "Xcode 3.2";
			developmentRegion = English;
			hasScannedForEncodings = 0;
			knownRegions = (
				en,
				Base,
			);
			mainGroup = 59FA346A19C98AAF004190E4;
			productRefGroup = 59FA347419C98AAF004190E4 /* Products */;
			projectDirPath = "";
			projectRoot = "";
			targets = (
				59FA347219C98AAF004190E4 /* MovieListing */,
				59FA349319C98AB0004190E4 /* MovieListingTests */,
			);
		};
/* End PBXProject section */

/* Begin PBXResourcesBuildPhase section */
		59FA347119C98AAF004190E4 /* Resources */ = {
			isa = PBXResourcesBuildPhase;
			buildActionMask = 2147483647;
			files = (
				59576D321A4475DF00B818D6 /* LaunchScreen.xib in Resources */,
				5926F1421A63F3F2002A5D9D /* TextFieldOutline.png in Resources */,
				59FA348F19C98AAF004190E4 /* Images.xcassets in Resources */,
				5988E9A11A53068300F90FB4 /* MovieIcon.png in Resources */,
				594D25021A5BA38F008249F2 /* EtelkaNarrowTextPro.otf in Resources */,
				59FA348119C98AAF004190E4 /* InfoPlist.strings in Resources */,
				59FA348A19C98AAF004190E4 /* Main.storyboard in Resources */,
				5988E99F1A53058600F90FB4 /* topView.xib in Resources */,
				594D25061A5BA7EF008249F2 /* Tall Films Expanded.ttf in Resources */,
				59B637541A51672F009F1B06 /* MoviesArray.json in Resources */,
				594D25081A5BA9B1008249F2 /* DJB A Bit of Flaire.ttf in Resources */,
			);
			runOnlyForDeploymentPostprocessing = 0;
		};
		59FA349219C98AB0004190E4 /* Resources */ = {
			isa = PBXResourcesBuildPhase;
			buildActionMask = 2147483647;
			files = (
				59FA34A019C98AB0004190E4 /* InfoPlist.strings in Resources */,
			);
			runOnlyForDeploymentPostprocessing = 0;
		};
/* End PBXResourcesBuildPhase section */

/* Begin PBXSourcesBuildPhase section */
		59FA346F19C98AAF004190E4 /* Sources */ = {
			isa = PBXSourcesBuildPhase;
			buildActionMask = 2147483647;
			files = (
				59FA348719C98AAF004190E4 /* AppDelegate.m in Sources */,
				59FA34AD19C98ADD004190E4 /* TableViewController.m in Sources */,
				5926F1451A63F544002A5D9D /* AddViewController.m in Sources */,
				59FA34F119C9AEFE004190E4 /* TableCell.m in Sources */,
				59FA348319C98AAF004190E4 /* main.m in Sources */,
				5988E9A41A53072F00F90FB4 /* topView.m in Sources */,
			);
			runOnlyForDeploymentPostprocessing = 0;
		};
		59FA349019C98AB0004190E4 /* Sources */ = {
			isa = PBXSourcesBuildPhase;
			buildActionMask = 2147483647;
			files = (
				59FA34A219C98AB0004190E4 /* MovieListingTests.m in Sources */,
			);
			runOnlyForDeploymentPostprocessing = 0;
		};
/* End PBXSourcesBuildPhase section */

/* Begin PBXTargetDependency section */
		59FA349A19C98AB0004190E4 /* PBXTargetDependency */ = {
			isa = PBXTargetDependency;
			target = 59FA347219C98AAF004190E4 /* MovieListing */;
			targetProxy = 59FA349919C98AB0004190E4 /* PBXContainerItemProxy */;
		};
/* End PBXTargetDependency section */

/* Begin PBXVariantGroup section */
		59FA347F19C98AAF004190E4 /* InfoPlist.strings */ = {
			isa = PBXVariantGroup;
			children = (
				59FA348019C98AAF004190E4 /* en */,
			);
			name = InfoPlist.strings;
			sourceTree = "<group>";
		};
		59FA348819C98AAF004190E4 /* Main.storyboard */ = {
			isa = PBXVariantGroup;
			children = (
				59FA348919C98AAF004190E4 /* Base */,
			);
			name = Main.storyboard;
			sourceTree = "<group>";
		};
		59FA349E19C98AB0004190E4 /* InfoPlist.strings */ = {
			isa = PBXVariantGroup;
			children = (
				59FA349F19C98AB0004190E4 /* en */,
			);
			name = InfoPlist.strings;
			sourceTree = "<group>";
		};
/* End PBXVariantGroup section */

/* Begin XCBuildConfiguration section */
		59FA34A319C98AB0004190E4 /* Debug */ = {
			isa = XCBuildConfiguration;
			buildSettings = {
				ALWAYS_SEARCH_USER_PATHS = NO;
				CLANG_CXX_LANGUAGE_STANDARD = "gnu++0x";
				CLANG_CXX_LIBRARY = "libc++";
				CLANG_ENABLE_MODULES = YES;
				CLANG_ENABLE_OBJC_ARC = YES;
				CLANG_WARN_BOOL_CONVERSION = YES;
				CLANG_WARN_CONSTANT_CONVERSION = YES;
				CLANG_WARN_DIRECT_OBJC_ISA_USAGE = YES_ERROR;
				CLANG_WARN_EMPTY_BODY = YES;
				CLANG_WARN_ENUM_CONVERSION = YES;
				CLANG_WARN_INT_CONVERSION = YES;
				CLANG_WARN_OBJC_ROOT_CLASS = YES_ERROR;
				CLANG_WARN__DUPLICATE_METHOD_MATCH = YES;
				"CODE_SIGN_IDENTITY[sdk=iphoneos*]" = "iPhone Developer";
				COPY_PHASE_STRIP = NO;
				GCC_C_LANGUAGE_STANDARD = gnu99;
				GCC_DYNAMIC_NO_PIC = NO;
				GCC_OPTIMIZATION_LEVEL = 0;
				GCC_PREPROCESSOR_DEFINITIONS = (
					"DEBUG=1",
					"$(inherited)",
				);
				GCC_SYMBOLS_PRIVATE_EXTERN = NO;
				GCC_WARN_64_TO_32_BIT_CONVERSION = YES;
				GCC_WARN_ABOUT_RETURN_TYPE = YES_ERROR;
				GCC_WARN_UNDECLARED_SELECTOR = YES;
				GCC_WARN_UNINITIALIZED_AUTOS = YES_AGGRESSIVE;
				GCC_WARN_UNUSED_FUNCTION = YES;
				GCC_WARN_UNUSED_VARIABLE = YES;
				IPHONEOS_DEPLOYMENT_TARGET = 7.1;
				ONLY_ACTIVE_ARCH = YES;
				SDKROOT = iphoneos;
			};
			name = Debug;
		};
		59FA34A419C98AB0004190E4 /* Release */ = {
			isa = XCBuildConfiguration;
			buildSettings = {
				ALWAYS_SEARCH_USER_PATHS = NO;
				CLANG_CXX_LANGUAGE_STANDARD = "gnu++0x";
				CLANG_CXX_LIBRARY = "libc++";
				CLANG_ENABLE_MODULES = YES;
				CLANG_ENABLE_OBJC_ARC = YES;
				CLANG_WARN_BOOL_CONVERSION = YES;
				CLANG_WARN_CONSTANT_CONVERSION = YES;
				CLANG_WARN_DIRECT_OBJC_ISA_USAGE = YES_ERROR;
				CLANG_WARN_EMPTY_BODY = YES;
				CLANG_WARN_ENUM_CONVERSION = YES;
				CLANG_WARN_INT_CONVERSION = YES;
				CLANG_WARN_OBJC_ROOT_CLASS = YES_ERROR;
				CLANG_WARN__DUPLICATE_METHOD_MATCH = YES;
				"CODE_SIGN_IDENTITY[sdk=iphoneos*]" = "iPhone Developer";
				COPY_PHASE_STRIP = YES;
				ENABLE_NS_ASSERTIONS = NO;
				GCC_C_LANGUAGE_STANDARD = gnu99;
				GCC_WARN_64_TO_32_BIT_CONVERSION = YES;
				GCC_WARN_ABOUT_RETURN_TYPE = YES_ERROR;
				GCC_WARN_UNDECLARED_SELECTOR = YES;
				GCC_WARN_UNINITIALIZED_AUTOS = YES_AGGRESSIVE;
				GCC_WARN_UNUSED_FUNCTION = YES;
				GCC_WARN_UNUSED_VARIABLE = YES;
				IPHONEOS_DEPLOYMENT_TARGET = 7.1;
				SDKROOT = iphoneos;
				VALIDATE_PRODUCT = YES;
			};
			name = Release;
		};
		59FA34A619C98AB0004190E4 /* Debug */ = {
			isa = XCBuildConfiguration;
			buildSettings = {
				ASSETCATALOG_COMPILER_APPICON_NAME = AppIcon;
				ASSETCATALOG_COMPILER_LAUNCHIMAGE_NAME = LaunchImage;
				CODE_SIGN_IDENTITY = "iPhone Developer";
				GCC_PRECOMPILE_PREFIX_HEADER = YES;
				GCC_PREFIX_HEADER = "MovieListing/MovieListing-Prefix.pch";
				INFOPLIST_FILE = "MovieListing/MovieListing-Info.plist";
				IPHONEOS_DEPLOYMENT_TARGET = 7.0;
				PRODUCT_NAME = "$(TARGET_NAME)";
				WRAPPER_EXTENSION = app;
			};
			name = Debug;
		};
		59FA34A719C98AB0004190E4 /* Release */ = {
			isa = XCBuildConfiguration;
			buildSettings = {
				ASSETCATALOG_COMPILER_APPICON_NAME = AppIcon;
				ASSETCATALOG_COMPILER_LAUNCHIMAGE_NAME = LaunchImage;
				CODE_SIGN_IDENTITY = "iPhone Developer";
				GCC_PRECOMPILE_PREFIX_HEADER = YES;
				GCC_PREFIX_HEADER = "MovieListing/MovieListing-Prefix.pch";
				INFOPLIST_FILE = "MovieListing/MovieListing-Info.plist";
				IPHONEOS_DEPLOYMENT_TARGET = 7.0;
				PRODUCT_NAME = "$(TARGET_NAME)";
				WRAPPER_EXTENSION = app;
			};
			name = Release;
		};
		59FA34A919C98AB0004190E4 /* Debug */ = {
			isa = XCBuildConfiguration;
			buildSettings = {
				BUNDLE_LOADER = "$(BUILT_PRODUCTS_DIR)/MovieListing.app/MovieListing";
				FRAMEWORK_SEARCH_PATHS = (
					"$(SDKROOT)/Developer/Library/Frameworks",
					"$(inherited)",
					"$(DEVELOPER_FRAMEWORKS_DIR)",
				);
				GCC_PRECOMPILE_PREFIX_HEADER = YES;
				GCC_PREFIX_HEADER = "MovieListing/MovieListing-Prefix.pch";
				GCC_PREPROCESSOR_DEFINITIONS = (
					"DEBUG=1",
					"$(inherited)",
				);
				INFOPLIST_FILE = "MovieListingTests/MovieListingTests-Info.plist";
				PRODUCT_NAME = "$(TARGET_NAME)";
				TEST_HOST = "$(BUNDLE_LOADER)";
				WRAPPER_EXTENSION = xctest;
			};
			name = Debug;
		};
		59FA34AA19C98AB0004190E4 /* Release */ = {
			isa = XCBuildConfiguration;
			buildSettings = {
				BUNDLE_LOADER = "$(BUILT_PRODUCTS_DIR)/MovieListing.app/MovieListing";
				FRAMEWORK_SEARCH_PATHS = (
					"$(SDKROOT)/Developer/Library/Frameworks",
					"$(inherited)",
					"$(DEVELOPER_FRAMEWORKS_DIR)",
				);
				GCC_PRECOMPILE_PREFIX_HEADER = YES;
				GCC_PREFIX_HEADER = "MovieListing/MovieListing-Prefix.pch";
				INFOPLIST_FILE = "MovieListingTests/MovieListingTests-Info.plist";
				PRODUCT_NAME = "$(TARGET_NAME)";
				TEST_HOST = "$(BUNDLE_LOADER)";
				WRAPPER_EXTENSION = xctest;
			};
			name = Release;
		};
/* End XCBuildConfiguration section */

/* Begin XCConfigurationList section */
		59FA346E19C98AAF004190E4 /* Build configuration list for PBXProject "MovieListing" */ = {
			isa = XCConfigurationList;
			buildConfigurations = (
				59FA34A319C98AB0004190E4 /* Debug */,
				59FA34A419C98AB0004190E4 /* Release */,
			);
			defaultConfigurationIsVisible = 0;
			defaultConfigurationName = Release;
		};
		59FA34A519C98AB0004190E4 /* Build configuration list for PBXNativeTarget "MovieListing" */ = {
			isa = XCConfigurationList;
			buildConfigurations = (
				59FA34A619C98AB0004190E4 /* Debug */,
				59FA34A719C98AB0004190E4 /* Release */,
			);
			defaultConfigurationIsVisible = 0;
			defaultConfigurationName = Release;
		};
		59FA34A819C98AB0004190E4 /* Build configuration list for PBXNativeTarget "MovieListingTests" */ = {
			isa = XCConfigurationList;
			buildConfigurations = (
				59FA34A919C98AB0004190E4 /* Debug */,
				59FA34AA19C98AB0004190E4 /* Release */,
			);
			defaultConfigurationIsVisible = 0;
			defaultConfigurationName = Release;
		};
/* End XCConfigurationList section */
	};
	rootObject = 59FA346B19C98AAF004190E4 /* Project object */;
}
